
Microsoft Visual Studio Solution File, Format Version 12.00
# Visual Studio Version 17
VisualStudioVersion = 17.1.32328.378
MinimumVisualStudioVersion = 10.0.40219.1
Project("{FAE04EC0-301F-11D3-BF4B-00C04F79EFBC}") = "NutrisensTest", "NutrisensTest\NutrisensTest.csproj", "{8E7B9FF2-C7DE-4226-8437-CB0B7567B3D1}"
EndProject
Global
	GlobalSection(SolutionConfigurationPlatforms) = preSolution
		Debug|Any CPU = Debug|Any CPU
		Release|Any CPU = Release|Any CPU
	EndGlobalSection
	GlobalSection(ProjectConfigurationPlatforms) = postSolution
		{8E7B9FF2-C7DE-4226-8437-CB0B7567B3D1}.Debug|Any CPU.ActiveCfg = Debug|Any CPU
		{8E7B9FF2-C7DE-4226-8437-CB0B7567B3D1}.Debug|Any CPU.Build.0 = Debug|Any CPU
		{8E7B9FF2-C7DE-4226-8437-CB0B7567B3D1}.Release|Any CPU.ActiveCfg = Release|Any CPU
		{8E7B9FF2-C7DE-4226-8437-CB0B7567B3D1}.Release|Any CPU.Build.0 = Release|Any CPU
	EndGlobalSection
	GlobalSection(SolutionProperties) = preSolution
		HideSolutionNode = FALSE
	EndGlobalSection
	GlobalSection(ExtensibilityGlobals) = postSolution
		SolutionGuid = {BF30B48E-3B45-44E1-BEA8-010A796D5AA1}
	EndGlobalSection
EndGlobal
